
Microsoft Visual Studio Solution File, Format Version 12.00
# Visual Studio Version 16
VisualStudioVersion = 16.0.29519.181
MinimumVisualStudioVersion = 10.0.40219.1
Project("{FAE04EC0-301F-11D3-BF4B-00C04F79EFBC}") = "Activity 2 Homework 1", "Activity 2 Homework 1\Activity 2 Homework 1.csproj", "{13D9B778-F2C0-403F-BD10-1961BAB09073}"
EndProject
Global
	GlobalSection(SolutionConfigurationPlatforms) = preSolution
		Debug|Any CPU = Debug|Any CPU
		Release|Any CPU = Release|Any CPU
	EndGlobalSection
	GlobalSection(ProjectConfigurationPlatforms) = postSolution
		{13D9B778-F2C0-403F-BD10-1961BAB09073}.Debug|Any CPU.ActiveCfg = Debug|Any CPU
		{13D9B778-F2C0-403F-BD10-1961BAB09073}.Debug|Any CPU.Build.0 = Debug|Any CPU
		{13D9B778-F2C0-403F-BD10-1961BAB09073}.Release|Any CPU.ActiveCfg = Release|Any CPU
		{13D9B778-F2C0-403F-BD10-1961BAB09073}.Release|Any CPU.Build.0 = Release|Any CPU
	EndGlobalSection
	GlobalSection(SolutionProperties) = preSolution
		HideSolutionNode = FALSE
	EndGlobalSection
	GlobalSection(ExtensibilityGlobals) = postSolution
		SolutionGuid = {E8613A8E-4F79-48A3-B6CD-3DA9F9B2C20A}
	EndGlobalSection
EndGlobal
