
Microsoft Visual Studio Solution File, Format Version 12.00
# Visual Studio Version 16
VisualStudioVersion = 16.0.29519.181
MinimumVisualStudioVersion = 10.0.40219.1
Project("{FAE04EC0-301F-11D3-BF4B-00C04F79EFBC}") = "PE Zip Files", "PE Zip Files\PE Zip Files.csproj", "{D78031B8-4F6F-4C18-99D9-E32C387453EA}"
EndProject
Global
	GlobalSection(SolutionConfigurationPlatforms) = preSolution
		Debug|Any CPU = Debug|Any CPU
		Release|Any CPU = Release|Any CPU
	EndGlobalSection
	GlobalSection(ProjectConfigurationPlatforms) = postSolution
		{D78031B8-4F6F-4C18-99D9-E32C387453EA}.Debug|Any CPU.ActiveCfg = Debug|Any CPU
		{D78031B8-4F6F-4C18-99D9-E32C387453EA}.Debug|Any CPU.Build.0 = Debug|Any CPU
		{D78031B8-4F6F-4C18-99D9-E32C387453EA}.Release|Any CPU.ActiveCfg = Release|Any CPU
		{D78031B8-4F6F-4C18-99D9-E32C387453EA}.Release|Any CPU.Build.0 = Release|Any CPU
	EndGlobalSection
	GlobalSection(SolutionProperties) = preSolution
		HideSolutionNode = FALSE
	EndGlobalSection
	GlobalSection(ExtensibilityGlobals) = postSolution
		SolutionGuid = {95916BA2-FCA4-4747-A290-03DE5F630DD5}
	EndGlobalSection
EndGlobal
